PODS:
  - e2e (0.0.1):
    - Flutter
  - Flutter (1.0.0)
  - mob_secverify (3.0.3):
    - MOBFoundation
  - MOBFoundation (3.2.24)
  - secverify (1.0.0):
    - Flutter
    - mob_secverify

DEPENDENCIES:
  - e2e (from `.symlinks/plugins/e2e/ios`)
  - Flutter (from `Flutter`)
  - secverify (from `.symlinks/plugins/secverify/ios`)

SPEC REPOS:
  trunk:
    - mob_secverify
    - MOBFoundation

EXTERNAL SOURCES:
  e2e:
    :path: ".symlinks/plugins/e2e/ios"
  Flutter:
    :path: Flutter
  secverify:
    :path: ".symlinks/plugins/secverify/ios"

SPEC CHECKSUMS:
  e2e: 967b9b1fc533b7636a3b7a719f840c27f301fe1f
  Flutter: 0e3d915762c693b495b44d77113d4970485de6ec
  mob_secverify: 08a42250544a6bbb6cab5e78504494aa0b40200c
  MOBFoundation: 934ee1a43aed452d51942b416bc3dc4d0813ac82
  secverify: f4bc7284766a8804646c377e61f37252964842dd

PODFILE CHECKSUM: f32fb4e7c14f8b3ca19a369d7be425dd9241af27

COCOAPODS: 1.9.3
